
Microsoft Visual Studio Solution File, Format Version 12.00
# Visual Studio Version 17
VisualStudioVersion = 17.8.34322.80
MinimumVisualStudioVersion = 10.0.40219.1
Project("{FAE04EC0-301F-11D3-BF4B-00C04F79EFBC}") = "TableSplitting", "TableSplitting\TableSplitting.csproj", "{8071A557-111D-4212-BFEA-141DAA8C80F1}"
EndProject
Global
	GlobalSection(SolutionConfigurationPlatforms) = preSolution
		Debug|Any CPU = Debug|Any CPU
		Release|Any CPU = Release|Any CPU
	EndGlobalSection
	GlobalSection(ProjectConfigurationPlatforms) = postSolution
		{8071A557-111D-4212-BFEA-141DAA8C80F1}.Debug|Any CPU.ActiveCfg = Debug|Any CPU
		{8071A557-111D-4212-BFEA-141DAA8C80F1}.Debug|Any CPU.Build.0 = Debug|Any CPU
		{8071A557-111D-4212-BFEA-141DAA8C80F1}.Release|Any CPU.ActiveCfg = Release|Any CPU
		{8071A557-111D-4212-BFEA-141DAA8C80F1}.Release|Any CPU.Build.0 = Release|Any CPU
	EndGlobalSection
	GlobalSection(SolutionProperties) = preSolution
		HideSolutionNode = FALSE
	EndGlobalSection
	GlobalSection(ExtensibilityGlobals) = postSolution
		SolutionGuid = {4D43A61C-3A04-4265-A6AA-365ADF33E07B}
	EndGlobalSection
EndGlobal
